
Microsoft Visual Studio Solution File, Format Version 12.00
# Visual Studio Version 17
VisualStudioVersion = 17.8.34322.80
MinimumVisualStudioVersion = 10.0.40219.1
Project("{2150E333-8FDC-42A3-9474-1A3956D46DE8}") = "Core", "Core", "{1404F6C3-C04A-4ED0-93EA-BB6105857E21}"
EndProject
Project("{2150E333-8FDC-42A3-9474-1A3956D46DE8}") = "Infrastructure", "Infrastructure", "{B6495F9E-C502-4EC2-A09A-52EFDB0B28BF}"
EndProject
Project("{2150E333-8FDC-42A3-9474-1A3956D46DE8}") = "Presentation", "Presentation", "{BEF24D61-62EE-48A2-BC5B-F6799DF76B7D}"
EndProject
Project("{FAE04EC0-301F-11D3-BF4B-00C04F79EFBC}") = "ApartmentHub.Application", "Core\ApartmentHub.Application\ApartmentHub.Application.csproj", "{AE010D63-DD5B-4F9F-9849-C425B46726C6}"
EndProject
Project("{FAE04EC0-301F-11D3-BF4B-00C04F79EFBC}") = "ApartmentHub.Domain", "Core\ApartmentHub.Domain\ApartmentHub.Domain.csproj", "{8E55DBFA-75D2-40E3-B50C-835886941A41}"
EndProject
Project("{FAE04EC0-301F-11D3-BF4B-00C04F79EFBC}") = "ApartmentHub.Infrastructure", "Infrastructure\ApartmentHub.Infrastructure\ApartmentHub.Infrastructure.csproj", "{1F1FFED9-00FD-4C6E-B240-EF17B183F221}"
EndProject
Project("{FAE04EC0-301F-11D3-BF4B-00C04F79EFBC}") = "ApartmentHub.Persistence", "Infrastructure\ApartmentHub.Persistence\ApartmentHub.Persistence.csproj", "{2095338E-B91D-48B8-8617-6FE064D4DD8E}"
EndProject
Project("{FAE04EC0-301F-11D3-BF4B-00C04F79EFBC}") = "ApartmentHub.API", "Presentation\ApartmentHub.API\ApartmentHub.API.csproj", "{11C07A62-30A8-46B5-BC96-6AE83EB2F0B6}"
EndProject
Global
	GlobalSection(SolutionConfigurationPlatforms) = preSolution
		Debug|Any CPU = Debug|Any CPU
		Release|Any CPU = Release|Any CPU
	EndGlobalSection
	GlobalSection(ProjectConfigurationPlatforms) = postSolution
		{AE010D63-DD5B-4F9F-9849-C425B46726C6}.Debug|Any CPU.ActiveCfg = Debug|Any CPU
		{AE010D63-DD5B-4F9F-9849-C425B46726C6}.Debug|Any CPU.Build.0 = Debug|Any CPU
		{AE010D63-DD5B-4F9F-9849-C425B46726C6}.Release|Any CPU.ActiveCfg = Release|Any CPU
		{AE010D63-DD5B-4F9F-9849-C425B46726C6}.Release|Any CPU.Build.0 = Release|Any CPU
		{8E55DBFA-75D2-40E3-B50C-835886941A41}.Debug|Any CPU.ActiveCfg = Debug|Any CPU
		{8E55DBFA-75D2-40E3-B50C-835886941A41}.Debug|Any CPU.Build.0 = Debug|Any CPU
		{8E55DBFA-75D2-40E3-B50C-835886941A41}.Release|Any CPU.ActiveCfg = Release|Any CPU
		{8E55DBFA-75D2-40E3-B50C-835886941A41}.Release|Any CPU.Build.0 = Release|Any CPU
		{1F1FFED9-00FD-4C6E-B240-EF17B183F221}.Debug|Any CPU.ActiveCfg = Debug|Any CPU
		{1F1FFED9-00FD-4C6E-B240-EF17B183F221}.Debug|Any CPU.Build.0 = Debug|Any CPU
		{1F1FFED9-00FD-4C6E-B240-EF17B183F221}.Release|Any CPU.ActiveCfg = Release|Any CPU
		{1F1FFED9-00FD-4C6E-B240-EF17B183F221}.Release|Any CPU.Build.0 = Release|Any CPU
		{2095338E-B91D-48B8-8617-6FE064D4DD8E}.Debug|Any CPU.ActiveCfg = Debug|Any CPU
		{2095338E-B91D-48B8-8617-6FE064D4DD8E}.Debug|Any CPU.Build.0 = Debug|Any CPU
		{2095338E-B91D-48B8-8617-6FE064D4DD8E}.Release|Any CPU.ActiveCfg = Release|Any CPU
		{2095338E-B91D-48B8-8617-6FE064D4DD8E}.Release|Any CPU.Build.0 = Release|Any CPU
		{11C07A62-30A8-46B5-BC96-6AE83EB2F0B6}.Debug|Any CPU.ActiveCfg = Debug|Any CPU
		{11C07A62-30A8-46B5-BC96-6AE83EB2F0B6}.Debug|Any CPU.Build.0 = Debug|Any CPU
		{11C07A62-30A8-46B5-BC96-6AE83EB2F0B6}.Release|Any CPU.ActiveCfg = Release|Any CPU
		{11C07A62-30A8-46B5-BC96-6AE83EB2F0B6}.Release|Any CPU.Build.0 = Release|Any CPU
	EndGlobalSection
	GlobalSection(SolutionProperties) = preSolution
		HideSolutionNode = FALSE
	EndGlobalSection
	GlobalSection(NestedProjects) = preSolution
		{AE010D63-DD5B-4F9F-9849-C425B46726C6} = {1404F6C3-C04A-4ED0-93EA-BB6105857E21}
		{8E55DBFA-75D2-40E3-B50C-835886941A41} = {1404F6C3-C04A-4ED0-93EA-BB6105857E21}
		{1F1FFED9-00FD-4C6E-B240-EF17B183F221} = {B6495F9E-C502-4EC2-A09A-52EFDB0B28BF}
		{2095338E-B91D-48B8-8617-6FE064D4DD8E} = {B6495F9E-C502-4EC2-A09A-52EFDB0B28BF}
		{11C07A62-30A8-46B5-BC96-6AE83EB2F0B6} = {BEF24D61-62EE-48A2-BC5B-F6799DF76B7D}
	EndGlobalSection
	GlobalSection(ExtensibilityGlobals) = postSolution
		SolutionGuid = {C5AADB6D-7330-4993-9F69-84CB65A02BBD}
	EndGlobalSection
EndGlobal
